github.com/twbs/icons v1.1.0/go.mod h1:GnRlymgVWp5iVJCMa0Me5b6tFyGpVc2bSxPMRGIJmyA=
github.com/twbs/icons v1.2.0 h1:g+9gJI2ZWCHTrQs+yAzyiypmnjIuYFDULd5QKuA4iPo=
github.com/twbs/icons v1.2.0/go.mod h1:GnRlymgVWp5iVJCMa0Me5b6tFyGpVc2bSxPMRGIJmyA=
github.com/twbs/icons v1.2.1 h1:Hm6l8Sdbnfrcq6rNMG/RipiC9PnC+32/A3PQ6nv5JX4=
github.com/twbs/icons v1.2.1/go.mod h1:GnRlymgVWp5iVJCMa0Me5b6tFyGpVc2bSxPMRGIJmyA=
