github.com/popperjs/popper-core v2.5.4+incompatible/go.mod h1:rrRYxxxrr6Y+9S8V9ttEFhsPN5sFPapL1QOzxjoDz0o=
github.com/popperjs/popper-core v2.6.0+incompatible h1:28kfBcpaflUQ2K5QR3eiXjHay8uX0L4ooMD7/cTWbnI=
github.com/popperjs/popper-core v2.6.0+incompatible/go.mod h1:rrRYxxxrr6Y+9S8V9ttEFhsPN5sFPapL1QOzxjoDz0o=
